
Microsoft Visual Studio Solution File, Format Version 12.00
# Visual Studio Version 16
VisualStudioVersion = 16.0.31515.178
MinimumVisualStudioVersion = 10.0.40219.1
Project("{FAE04EC0-301F-11D3-BF4B-00C04F79EFBC}") = "ASPNETCore_MVCChat", "ASPNETCore_MVCChar\ASPNETCore_MVCChat.csproj", "{36F67AD8-570D-4111-830A-56B041B6714B}"
EndProject
Project("{FAE04EC0-301F-11D3-BF4B-00C04F79EFBC}") = "BlazorServerChat", "BlazorServerChat\BlazorServerChat.csproj", "{5F425621-1AB3-43B2-9972-2B2E988A4CCB}"
EndProject
Project("{FAE04EC0-301F-11D3-BF4B-00C04F79EFBC}") = "BlazorWebAssemblyChat", "BlazorWebAssemblyChat\BlazorWebAssemblyChat.csproj", "{299E6B34-2D47-4F55-8784-511047BB316A}"
EndProject
Global
	GlobalSection(SolutionConfigurationPlatforms) = preSolution
		Debug|Any CPU = Debug|Any CPU
		Release|Any CPU = Release|Any CPU
	EndGlobalSection
	GlobalSection(ProjectConfigurationPlatforms) = postSolution
		{36F67AD8-570D-4111-830A-56B041B6714B}.Debug|Any CPU.ActiveCfg = Debug|Any CPU
		{36F67AD8-570D-4111-830A-56B041B6714B}.Debug|Any CPU.Build.0 = Debug|Any CPU
		{36F67AD8-570D-4111-830A-56B041B6714B}.Release|Any CPU.ActiveCfg = Release|Any CPU
		{36F67AD8-570D-4111-830A-56B041B6714B}.Release|Any CPU.Build.0 = Release|Any CPU
		{5F425621-1AB3-43B2-9972-2B2E988A4CCB}.Debug|Any CPU.ActiveCfg = Debug|Any CPU
		{5F425621-1AB3-43B2-9972-2B2E988A4CCB}.Debug|Any CPU.Build.0 = Debug|Any CPU
		{5F425621-1AB3-43B2-9972-2B2E988A4CCB}.Release|Any CPU.ActiveCfg = Release|Any CPU
		{5F425621-1AB3-43B2-9972-2B2E988A4CCB}.Release|Any CPU.Build.0 = Release|Any CPU
		{299E6B34-2D47-4F55-8784-511047BB316A}.Debug|Any CPU.ActiveCfg = Debug|Any CPU
		{299E6B34-2D47-4F55-8784-511047BB316A}.Debug|Any CPU.Build.0 = Debug|Any CPU
		{299E6B34-2D47-4F55-8784-511047BB316A}.Release|Any CPU.ActiveCfg = Release|Any CPU
		{299E6B34-2D47-4F55-8784-511047BB316A}.Release|Any CPU.Build.0 = Release|Any CPU
	EndGlobalSection
	GlobalSection(SolutionProperties) = preSolution
		HideSolutionNode = FALSE
	EndGlobalSection
	GlobalSection(ExtensibilityGlobals) = postSolution
		SolutionGuid = {5858CF4D-4ED7-401F-8F7A-1CAA35AD6F29}
	EndGlobalSection
EndGlobal
