
Microsoft Visual Studio Solution File, Format Version 12.00
# Visual Studio Version 16
VisualStudioVersion = 16.0.31515.178
MinimumVisualStudioVersion = 10.0.40219.1
Project("{FAE04EC0-301F-11D3-BF4B-00C04F79EFBC}") = "DefaultWebAPIProject", "DefaultWebAPIProject\DefaultWebAPIProject.csproj", "{A335C72F-F093-479F-B279-DAD9C263C512}"
EndProject
Project("{FAE04EC0-301F-11D3-BF4B-00C04F79EFBC}") = "DefaultMVCProject", "DefaultMVCProject\DefaultMVCProject.csproj", "{14089534-4693-425D-A83D-D2464A99FEE8}"
EndProject
Project("{FAE04EC0-301F-11D3-BF4B-00C04F79EFBC}") = "MyFirstRestfulService", "MyFirstRestfulService\MyFirstRestfulService.csproj", "{CEECAC62-8D42-4F50-9280-416FDDEBB7D5}"
EndProject
Global
	GlobalSection(SolutionConfigurationPlatforms) = preSolution
		Debug|Any CPU = Debug|Any CPU
		Release|Any CPU = Release|Any CPU
	EndGlobalSection
	GlobalSection(ProjectConfigurationPlatforms) = postSolution
		{A335C72F-F093-479F-B279-DAD9C263C512}.Debug|Any CPU.ActiveCfg = Debug|Any CPU
		{A335C72F-F093-479F-B279-DAD9C263C512}.Debug|Any CPU.Build.0 = Debug|Any CPU
		{A335C72F-F093-479F-B279-DAD9C263C512}.Release|Any CPU.ActiveCfg = Release|Any CPU
		{A335C72F-F093-479F-B279-DAD9C263C512}.Release|Any CPU.Build.0 = Release|Any CPU
		{14089534-4693-425D-A83D-D2464A99FEE8}.Debug|Any CPU.ActiveCfg = Debug|Any CPU
		{14089534-4693-425D-A83D-D2464A99FEE8}.Debug|Any CPU.Build.0 = Debug|Any CPU
		{14089534-4693-425D-A83D-D2464A99FEE8}.Release|Any CPU.ActiveCfg = Release|Any CPU
		{14089534-4693-425D-A83D-D2464A99FEE8}.Release|Any CPU.Build.0 = Release|Any CPU
		{CEECAC62-8D42-4F50-9280-416FDDEBB7D5}.Debug|Any CPU.ActiveCfg = Debug|Any CPU
		{CEECAC62-8D42-4F50-9280-416FDDEBB7D5}.Debug|Any CPU.Build.0 = Debug|Any CPU
		{CEECAC62-8D42-4F50-9280-416FDDEBB7D5}.Release|Any CPU.ActiveCfg = Release|Any CPU
		{CEECAC62-8D42-4F50-9280-416FDDEBB7D5}.Release|Any CPU.Build.0 = Release|Any CPU
	EndGlobalSection
	GlobalSection(SolutionProperties) = preSolution
		HideSolutionNode = FALSE
	EndGlobalSection
	GlobalSection(ExtensibilityGlobals) = postSolution
		SolutionGuid = {79AC92B6-DF06-44AA-9E6C-90F39DBE87DD}
	EndGlobalSection
EndGlobal
